// !$*UTF8*$!
{
	archiveVersion = 1;
	classes = {
	};
	objectVersion = 46;
	objects = {

/* Begin PBXBuildFile section */
		2B84757E1BDA7AD40094A637 /* AppDelegate.swift in Sources */ = {isa = PBXBuildFile; fileRef = 2B84757D1BDA7AD40094A637 /* AppDelegate.swift */; };
		2B8475831BDA7AD40094A637 /* Main.storyboard in Resources */ = {isa = PBXBuildFile; fileRef = 2B8475811BDA7AD40094A637 /* Main.storyboard */; };
		2B8475851BDA7AD40094A637 /* Assets.xcassets in Resources */ = {isa = PBXBuildFile; fileRef = 2B8475841BDA7AD40094A637 /* Assets.xcassets */; };
		2B8475881BDA7AD40094A637 /* LaunchScreen.storyboard in Resources */ = {isa = PBXBuildFile; fileRef = 2B8475861BDA7AD40094A637 /* LaunchScreen.storyboard */; };
		2B8475911BDA7B950094A637 /* SimpleTableViewController.swift in Sources */ = {isa = PBXBuildFile; fileRef = 2B8475901BDA7B950094A637 /* SimpleTableViewController.swift */; };
		2BDBCD3B1BDA7DB5009DA3DB /* Searches.swift in Sources */ = {isa = PBXBuildFile; fileRef = 2BDBCD3A1BDA7DB5009DA3DB /* Searches.swift */; };
		2BDBCD3D1BDA8A11009DA3DB /* TextInputViewController.swift in Sources */ = {isa = PBXBuildFile; fileRef = 2BDBCD3C1BDA8A11009DA3DB /* TextInputViewController.swift */; };
		2BDBCD401BDA901D009DA3DB /* TextInput.storyboard in Resources */ = {isa = PBXBuildFile; fileRef = 2BDBCD3E1BDA901D009DA3DB /* TextInput.storyboard */; };
/* End PBXBuildFile section */

/* Begin PBXFileReference section */
		2B84757A1BDA7AD40094A637 /* Table.app */ = {isa = PBXFileReference; explicitFileType = wrapper.application; includeInIndex = 0; path = Table.app; sourceTree = BUILT_PRODUCTS_DIR; };
		2B84757D1BDA7AD40094A637 /* AppDelegate.swift */ = {isa = PBXFileReference; lastKnownFileType = sourcecode.swift; name = AppDelegate.swift; path = Table/AppDelegate.swift; sourceTree = "<group>"; };
		2B8475821BDA7AD40094A637 /* Base */ = {isa = PBXFileReference; lastKnownFileType = file.storyboard; name = Base; path = Base.lproj/Main.storyboard; sourceTree = "<group>"; };
		2B8475841BDA7AD40094A637 /* Assets.xcassets */ = {isa = PBXFileReference; lastKnownFileType = folder.assetcatalog; name = Assets.xcassets; path = Table/Assets.xcassets; sourceTree = "<group>"; };
		2B8475871BDA7AD40094A637 /* Base */ = {isa = PBXFileReference; lastKnownFileType = file.storyboard; name = Base; path = Base.lproj/LaunchScreen.storyboard; sourceTree = "<group>"; };
		2B8475891BDA7AD40094A637 /* Info.plist */ = {isa = PBXFileReference; lastKnownFileType = text.plist.xml; name = Info.plist; path = Table/Info.plist; sourceTree = "<group>"; };
		2B8475901BDA7B950094A637 /* SimpleTableViewController.swift */ = {isa = PBXFileReference; fileEncoding = 4; lastKnownFileType = sourcecode.swift; path = SimpleTableViewController.swift; sourceTree = "<group>"; };
		2BDBCD3A1BDA7DB5009DA3DB /* Searches.swift */ = {isa = PBXFileReference; fileEncoding = 4; lastKnownFileType = sourcecode.swift; path = Searches.swift; sourceTree = "<group>"; };
		2BDBCD3C1BDA8A11009DA3DB /* TextInputViewController.swift */ = {isa = PBXFileReference; fileEncoding = 4; lastKnownFileType = sourcecode.swift; path = TextInputViewController.swift; sourceTree = "<group>"; };
		2BDBCD3F1BDA901D009DA3DB /* Base */ = {isa = PBXFileReference; lastKnownFileType = file.storyboard; name = Base; path = Base.lproj/TextInput.storyboard; sourceTree = "<group>"; };
/* End PBXFileReference section */

/* Begin PBXFrameworksBuildPhase section */
		2B8475771BDA7AD40094A637 /* Frameworks */ = {
			isa = PBXFrameworksBuildPhase;
			buildActionMask = 2147483647;
			files = (
			);
			runOnlyForDeploymentPostprocessing = 0;
		};
/* End PBXFrameworksBuildPhase section */

/* Begin PBXGroup section */
		2B8475711BDA7AD40094A637 = {
			isa = PBXGroup;
			children = (
				2B84757C1BDA7AD40094A637 /* Table */,
				2B84757B1BDA7AD40094A637 /* Products */,
			);
			sourceTree = "<group>";
		};
		2B84757B1BDA7AD40094A637 /* Products */ = {
			isa = PBXGroup;
			children = (
				2B84757A1BDA7AD40094A637 /* Table.app */,
			);
			name = Products;
			sourceTree = "<group>";
		};
		2B84757C1BDA7AD40094A637 /* Table */ = {
			isa = PBXGroup;
			children = (
				2B8475811BDA7AD40094A637 /* Main.storyboard */,
				2BDBCD3E1BDA901D009DA3DB /* TextInput.storyboard */,
				2B84758F1BDA7B2B0094A637 /* SupportingFiles */,
				2B8475901BDA7B950094A637 /* SimpleTableViewController.swift */,
				2BDBCD3A1BDA7DB5009DA3DB /* Searches.swift */,
				2BDBCD3C1BDA8A11009DA3DB /* TextInputViewController.swift */,
			);
			path = Table;
			sourceTree = "<group>";
		};
		2B84758F1BDA7B2B0094A637 /* SupportingFiles */ = {
			isa = PBXGroup;
			children = (
				2B84757D1BDA7AD40094A637 /* AppDelegate.swift */,
				2B8475841BDA7AD40094A637 /* Assets.xcassets */,
				2B8475861BDA7AD40094A637 /* LaunchScreen.storyboard */,
				2B8475891BDA7AD40094A637 /* Info.plist */,
			);
			name = SupportingFiles;
			path = ..;
			sourceTree = "<group>";
		};
/* End PBXGroup section */

/* Begin PBXNativeTarget section */
		2B8475791BDA7AD40094A637 /* Table */ = {
			isa = PBXNativeTarget;
			buildConfigurationList = 2B84758C1BDA7AD40094A637 /* Build configuration list for PBXNativeTarget "Table" */;
			buildPhases = (
				2B8475761BDA7AD40094A637 /* Sources */,
				2B8475771BDA7AD40094A637 /* Frameworks */,
				2B8475781BDA7AD40094A637 /* Resources */,
			);
			buildRules = (
			);
			dependencies = (
			);
			name = Table;
			productName = Table;
			productReference = 2B84757A1BDA7AD40094A637 /* Table.app */;
			productType = "com.apple.product-type.application";
		};
/* End PBXNativeTarget section */

/* Begin PBXProject section */
		2B8475721BDA7AD40094A637 /* Project object */ = {
			isa = PBXProject;
			attributes = {
				LastSwiftUpdateCheck = 0710;
				LastUpgradeCheck = 0710;
				ORGANIZATIONNAME = "Graeme Grier";
				TargetAttributes = {
					2B8475791BDA7AD40094A637 = {
						CreatedOnToolsVersion = 7.1;
						DevelopmentTeam = Bitwink Ltd;
					};
				};
			};
			buildConfigurationList = 2B8475751BDA7AD40094A637 /* Build configuration list for PBXProject "Table" */;
			compatibilityVersion = "Xcode 3.2";
			developmentRegion = English;
			hasScannedForEncodings = 0;
			knownRegions = (
				en,
				Base,
			);
			mainGroup = 2B8475711BDA7AD40094A637;
			productRefGroup = 2B84757B1BDA7AD40094A637 /* Products */;
			projectDirPath = "";
			projectRoot = "";
			targets = (
				2B8475791BDA7AD40094A637 /* Table */,
			);
		};
/* End PBXProject section */

/* Begin PBXResourcesBuildPhase section */
		2B8475781BDA7AD40094A637 /* Resources */ = {
			isa = PBXResourcesBuildPhase;
			buildActionMask = 2147483647;
			files = (
				2BDBCD401BDA901D009DA3DB /* TextInput.storyboard in Resources */,
				2B8475881BDA7AD40094A637 /* LaunchScreen.storyboard in Resources */,
				2B8475851BDA7AD40094A637 /* Assets.xcassets in Resources */,
				2B8475831BDA7AD40094A637 /* Main.storyboard in Resources */,
			);
			runOnlyForDeploymentPostprocessing = 0;
		};
/* End PBXResourcesBuildPhase section */

/* Begin PBXSourcesBuildPhase section */
		2B8475761BDA7AD40094A637 /* Sources */ = {
			isa = PBXSourcesBuildPhase;
			buildActionMask = 2147483647;
			files = (
				2BDBCD3D1BDA8A11009DA3DB /* TextInputViewController.swift in Sources */,
				2B84757E1BDA7AD40094A637 /* AppDelegate.swift in Sources */,
				2B8475911BDA7B950094A637 /* SimpleTableViewController.swift in Sources */,
				2BDBCD3B1BDA7DB5009DA3DB /* Searches.swift in Sources */,
			);
			runOnlyForDeploymentPostprocessing = 0;
		};
/* End PBXSourcesBuildPhase section */

/* Begin PBXVariantGroup section */
		2B8475811BDA7AD40094A637 /* Main.storyboard */ = {
			isa = PBXVariantGroup;
			children = (
				2B8475821BDA7AD40094A637 /* Base */,
			);
			name = Main.storyboard;
			sourceTree = "<group>";
		};
		2B8475861BDA7AD40094A637 /* LaunchScreen.storyboard */ = {
			isa = PBXVariantGroup;
			children = (
				2B8475871BDA7AD40094A637 /* Base */,
			);
			name = LaunchScreen.storyboard;
			path = Table;
			sourceTree = "<group>";
		};
		2BDBCD3E1BDA901D009DA3DB /* TextInput.storyboard */ = {
			isa = PBXVariantGroup;
			children = (
				2BDBCD3F1BDA901D009DA3DB /* Base */,
			);
			name = TextInput.storyboard;
			sourceTree = "<group>";
		};
/* End PBXVariantGroup section */

/* Begin XCBuildConfiguration section */
		2B84758A1BDA7AD40094A637 /* Debug */ = {
			isa = XCBuildConfiguration;
			buildSettings = {
				ALWAYS_SEARCH_USER_PATHS = NO;
				CLANG_CXX_LANGUAGE_STANDARD = "gnu++0x";
				CLANG_CXX_LIBRARY = "libc++";
				CLANG_ENABLE_MODULES = YES;
				CLANG_ENABLE_OBJC_ARC = YES;
				CLANG_WARN_BOOL_CONVERSION = YES;
				CLANG_WARN_CONSTANT_CONVERSION = YES;
				CLANG_WARN_DIRECT_OBJC_ISA_USAGE = YES_ERROR;
				CLANG_WARN_EMPTY_BODY = YES;
				CLANG_WARN_ENUM_CONVERSION = YES;
				CLANG_WARN_INT_CONVERSION = YES;
				CLANG_WARN_OBJC_ROOT_CLASS = YES_ERROR;
				CLANG_WARN_UNREACHABLE_CODE = YES;
				CLANG_WARN__DUPLICATE_METHOD_MATCH = YES;
				"CODE_SIGN_IDENTITY[sdk=iphoneos*]" = "iPhone Developer";
				COPY_PHASE_STRIP = NO;
				DEBUG_INFORMATION_FORMAT = dwarf;
				ENABLE_STRICT_OBJC_MSGSEND = YES;
				ENABLE_TESTABILITY = YES;
				GCC_C_LANGUAGE_STANDARD = gnu99;
				GCC_DYNAMIC_NO_PIC = NO;
				GCC_NO_COMMON_BLOCKS = YES;
				GCC_OPTIMIZATION_LEVEL = 0;
				GCC_PREPROCESSOR_DEFINITIONS = (
					"DEBUG=1",
					"$(inherited)",
				);
				GCC_WARN_64_TO_32_BIT_CONVERSION = YES;
				GCC_WARN_ABOUT_RETURN_TYPE = YES_ERROR;
				GCC_WARN_UNDECLARED_SELECTOR = YES;
				GCC_WARN_UNINITIALIZED_AUTOS = YES_AGGRESSIVE;
				GCC_WARN_UNUSED_FUNCTION = YES;
				GCC_WARN_UNUSED_VARIABLE = YES;
				IPHONEOS_DEPLOYMENT_TARGET = 9.1;
				MTL_ENABLE_DEBUG_INFO = YES;
				ONLY_ACTIVE_ARCH = YES;
				SDKROOT = iphoneos;
				SWIFT_OPTIMIZATION_LEVEL = "-Onone";
			};
			name = Debug;
		};
		2B84758B1BDA7AD40094A637 /* Release */ = {
			isa = XCBuildConfiguration;
			buildSettings = {
				ALWAYS_SEARCH_USER_PATHS = NO;
				CLANG_CXX_LANGUAGE_STANDARD = "gnu++0x";
				CLANG_CXX_LIBRARY = "libc++";
				CLANG_ENABLE_MODULES = YES;
				CLANG_ENABLE_OBJC_ARC = YES;
				CLANG_WARN_BOOL_CONVERSION = YES;
				CLANG_WARN_CONSTANT_CONVERSION = YES;
				CLANG_WARN_DIRECT_OBJC_ISA_USAGE = YES_ERROR;
				CLANG_WARN_EMPTY_BODY = YES;
				CLANG_WARN_ENUM_CONVERSION = YES;
				CLANG_WARN_INT_CONVERSION = YES;
				CLANG_WARN_OBJC_ROOT_CLASS = YES_ERROR;
				CLANG_WARN_UNREACHABLE_CODE = YES;
				CLANG_WARN__DUPLICATE_METHOD_MATCH = YES;
				"CODE_SIGN_IDENTITY[sdk=iphoneos*]" = "iPhone Developer";
				COPY_PHASE_STRIP = NO;
				DEBUG_INFORMATION_FORMAT = "dwarf-with-dsym";
				ENABLE_NS_ASSERTIONS = NO;
				ENABLE_STRICT_OBJC_MSGSEND = YES;
				GCC_C_LANGUAGE_STANDARD = gnu99;
				GCC_NO_COMMON_BLOCKS = YES;
				GCC_WARN_64_TO_32_BIT_CONVERSION = YES;
				GCC_WARN_ABOUT_RETURN_TYPE = YES_ERROR;
				GCC_WARN_UNDECLARED_SELECTOR = YES;
				GCC_WARN_UNINITIALIZED_AUTOS = YES_AGGRESSIVE;
				GCC_WARN_UNUSED_FUNCTION = YES;
				GCC_WARN_UNUSED_VARIABLE = YES;
				IPHONEOS_DEPLOYMENT_TARGET = 9.1;
				MTL_ENABLE_DEBUG_INFO = NO;
				SDKROOT = iphoneos;
				VALIDATE_PRODUCT = YES;
			};
			name = Release;
		};
		2B84758D1BDA7AD40094A637 /* Debug */ = {
			isa = XCBuildConfiguration;
			buildSettings = {
				ASSETCATALOG_COMPILER_APPICON_NAME = AppIcon;
				CODE_SIGN_IDENTITY = "iPhone Developer";
				"CODE_SIGN_IDENTITY[sdk=iphoneos*]" = "iPhone Developer";
				INFOPLIST_FILE = Table/Info.plist;
				IPHONEOS_DEPLOYMENT_TARGET = 8.4;
				LD_RUNPATH_SEARCH_PATHS = "$(inherited) @executable_path/Frameworks";
				PRODUCT_BUNDLE_IDENTIFIER = com.bitwink.Table;
				PRODUCT_NAME = "$(TARGET_NAME)";
				PROVISIONING_PROFILE = "";
			};
			name = Debug;
		};
		2B84758E1BDA7AD40094A637 /* Release */ = {
			isa = XCBuildConfiguration;
			buildSettings = {
				ASSETCATALOG_COMPILER_APPICON_NAME = AppIcon;
				CODE_SIGN_IDENTITY = "iPhone Developer";
				"CODE_SIGN_IDENTITY[sdk=iphoneos*]" = "iPhone Developer";
				INFOPLIST_FILE = Table/Info.plist;
				IPHONEOS_DEPLOYMENT_TARGET = 8.4;
				LD_RUNPATH_SEARCH_PATHS = "$(inherited) @executable_path/Frameworks";
				PRODUCT_BUNDLE_IDENTIFIER = com.bitwink.Table;
				PRODUCT_NAME = "$(TARGET_NAME)";
				PROVISIONING_PROFILE = "";
			};
			name = Release;
		};
/* End XCBuildConfiguration section */

/* Begin XCConfigurationList section */
		2B8475751BDA7AD40094A637 /* Build configuration list for PBXProject "Table" */ = {
			isa = XCConfigurationList;
			buildConfigurations = (
				2B84758A1BDA7AD40094A637 /* Debug */,
				2B84758B1BDA7AD40094A637 /* Release */,
			);
			defaultConfigurationIsVisible = 0;
			defaultConfigurationName = Release;
		};
		2B84758C1BDA7AD40094A637 /* Build configuration list for PBXNativeTarget "Table" */ = {
			isa = XCConfigurationList;
			buildConfigurations = (
				2B84758D1BDA7AD40094A637 /* Debug */,
				2B84758E1BDA7AD40094A637 /* Release */,
			);
			defaultConfigurationIsVisible = 0;
			defaultConfigurationName = Release;
		};
/* End XCConfigurationList section */
	};
	rootObject = 2B8475721BDA7AD40094A637 /* Project object */;
}
